<?xml version="1.0" encoding="utf-8"?>
<Project ToolsVersion="4.0" xmlns="http://schemas.microsoft.com/developer/msbuild/2003">
  <ItemGroup>
    <Filter Include="Sources">
      <UniqueIdentifier>{4FC737F1-C7A5-4376-A066-2A32D752A2FF}</UniqueIdentifier>
      <Extensions>cpp;c;cc;cxx;c++;cppm;ixx;def;odl;idl;hpj;bat;asm;asmx</Extensions>
    </Filter>
    <Filter Include="Sources\GameObjects">
      <UniqueIdentifier>{2c847d57-b1fd-4877-ac68-ab0c8ac1e795}</UniqueIdentifier>
    </Filter>
    <Filter Include="Sources\Enums">
      <UniqueIdentifier>{e0e63466-70c4-44d8-9281-bb9d4a9f07b7}</UniqueIdentifier>
    </Filter>
    <Filter Include="Sources\GameStates">
      <UniqueIdentifier>{3e84786a-c1de-49a4-b400-5cba2a893676}</UniqueIdentifier>
    </Filter>
  </ItemGroup>
  <ItemGroup>
    <ClCompile Include="game_main.cpp">
      <Filter>Sources</Filter>
    </ClCompile>
    <ClCompile Include="evil_pumpkin.cpp">
      <Filter>Sources\GameObjects</Filter>
    </ClCompile>
    <ClCompile Include="game_object.cpp">
      <Filter>Sources\GameObjects</Filter>
    </ClCompile>
    <ClCompile Include="player.cpp">
      <Filter>Sources\GameObjects</Filter>
    </ClCompile>
    <ClCompile Include="pumpkin.cpp">
      <Filter>Sources\GameObjects</Filter>
    </ClCompile>
    <ClCompile Include="game_settings.cpp">
      <Filter>Sources</Filter>
    </ClCompile>
    <ClCompile Include="movable_game_object.cpp">
      <Filter>Sources\GameObjects</Filter>
    </ClCompile>
    <ClCompile Include="water.cpp">
      <Filter>Sources\GameObjects</Filter>
    </ClCompile>
    <ClCompile Include="calculation_collisions.cpp">
      <Filter>Sources</Filter>
    </ClCompile>
    <ClCompile Include="base_state.cpp">
      <Filter>Sources\GameStates</Filter>
    </ClCompile>
    <ClCompile Include="game_over_state.cpp">
      <Filter>Sources\GameStates</Filter>
    </ClCompile>
    <ClCompile Include="game_state_factory.cpp">
      <Filter>Sources\GameStates</Filter>
    </ClCompile>
    <ClCompile Include="win_state.cpp">
      <Filter>Sources\GameStates</Filter>
    </ClCompile>
    <ClCompile Include="menu_state.cpp">
      <Filter>Sources\GameStates</Filter>
    </ClCompile>
    <ClCompile Include="settings_state.cpp">
      <Filter>Sources\GameStates</Filter>
    </ClCompile>
    <ClCompile Include="game_state.cpp">
      <Filter>Sources\GameStates</Filter>
    </ClCompile>
    <ClCompile Include="score_state.cpp">
      <Filter>Sources\GameStates</Filter>
    </ClCompile>
    <ClCompile Include="score.cpp">
      <Filter>Sources</Filter>
    </ClCompile>
  </ItemGroup>
  <ItemGroup>
    <ClInclude Include="game_settings.h">
      <Filter>Sources</Filter>
    </ClInclude>
    <ClInclude Include="evil_pumpkin.h">
      <Filter>Sources\GameObjects</Filter>
    </ClInclude>
    <ClInclude Include="game_object.h">
      <Filter>Sources\GameObjects</Filter>
    </ClInclude>
    <ClInclude Include="player.h">
      <Filter>Sources\GameObjects</Filter>
    </ClInclude>
    <ClInclude Include="pumpkin.h">
      <Filter>Sources\GameObjects</Filter>
    </ClInclude>
    <ClInclude Include="movable_game_object.h">
      <Filter>Sources\GameObjects</Filter>
    </ClInclude>
    <ClInclude Include="water.h">
      <Filter>Sources\GameObjects</Filter>
    </ClInclude>
    <ClInclude Include="State.h">
      <Filter>Sources\Enums</Filter>
    </ClInclude>
    <ClInclude Include="Direction.h">
      <Filter>Sources\Enums</Filter>
    </ClInclude>
    <ClInclude Include="WaterType.h">
      <Filter>Sources\Enums</Filter>
    </ClInclude>
    <ClInclude Include="calculation_collisions.h">
      <Filter>Sources</Filter>
    </ClInclude>
    <ClInclude Include="base_state.h">
      <Filter>Sources\GameStates</Filter>
    </ClInclude>
    <ClInclude Include="game_over_state.h">
      <Filter>Sources\GameStates</Filter>
    </ClInclude>
    <ClInclude Include="game_state_factory.h">
      <Filter>Sources\GameStates</Filter>
    </ClInclude>
    <ClInclude Include="win_state.h">
      <Filter>Sources\GameStates</Filter>
    </ClInclude>
    <ClInclude Include="menu_state.h">
      <Filter>Sources\GameStates</Filter>
    </ClInclude>
    <ClInclude Include="settings_state.h">
      <Filter>Sources\GameStates</Filter>
    </ClInclude>
    <ClInclude Include="game_state.h">
      <Filter>Sources\GameStates</Filter>
    </ClInclude>
    <ClInclude Include="GameSettingsBits.h">
      <Filter>Sources\Enums</Filter>
    </ClInclude>
    <ClInclude Include="score_state.h">
      <Filter>Sources\GameStates</Filter>
    </ClInclude>
    <ClInclude Include="score.h">
      <Filter>Sources</Filter>
    </ClInclude>
    <ClInclude Include="constants.h">
      <Filter>Sources</Filter>
    </ClInclude>
  </ItemGroup>
</Project>