<?xml version="1.0" encoding="utf-8"?>
<Project ToolsVersion="4.0" xmlns="http://schemas.microsoft.com/developer/msbuild/2003">
  <ItemGroup>
    <Filter Include="Sources">
      <UniqueIdentifier>{4FC737F1-C7A5-4376-A066-2A32D752A2FF}</UniqueIdentifier>
      <Extensions>cpp;c;cc;cxx;c++;cppm;ixx;def;odl;idl;hpj;bat;asm;asmx</Extensions>
    </Filter>
    <Filter Include="Sources\GameObjects">
      <UniqueIdentifier>{2c847d57-b1fd-4877-ac68-ab0c8ac1e795}</UniqueIdentifier>
    </Filter>
    <Filter Include="Sources\Enums">
      <UniqueIdentifier>{e0e63466-70c4-44d8-9281-bb9d4a9f07b7}</UniqueIdentifier>
    </Filter>
    <Filter Include="Sources\GameStates">
      <UniqueIdentifier>{3e84786a-c1de-49a4-b400-5cba2a893676}</UniqueIdentifier>
    </Filter>
  </ItemGroup>
  <ItemGroup>
    <ClCompile Include="GameMain.cpp">
      <Filter>Sources</Filter>
    </ClCompile>
    <ClCompile Include="EvilPumpkin.cpp">
      <Filter>Sources\GameObjects</Filter>
    </ClCompile>
    <ClCompile Include="GameObject.cpp">
      <Filter>Sources\GameObjects</Filter>
    </ClCompile>
    <ClCompile Include="Player.cpp">
      <Filter>Sources\GameObjects</Filter>
    </ClCompile>
    <ClCompile Include="Pumpkin.cpp">
      <Filter>Sources\GameObjects</Filter>
    </ClCompile>
    <ClCompile Include="GameSettings.cpp">
      <Filter>Sources</Filter>
    </ClCompile>
    <ClCompile Include="MovableGameObject.cpp">
      <Filter>Sources\GameObjects</Filter>
    </ClCompile>
    <ClCompile Include="Water.cpp">
      <Filter>Sources\GameObjects</Filter>
    </ClCompile>
    <ClCompile Include="CalculationCollisions.cpp">
      <Filter>Sources</Filter>
    </ClCompile>
    <ClCompile Include="BaseState.cpp">
      <Filter>Sources\GameStates</Filter>
    </ClCompile>
    <ClCompile Include="GameOverState.cpp">
      <Filter>Sources\GameStates</Filter>
    </ClCompile>
    <ClCompile Include="GameStateFactory.cpp">
      <Filter>Sources\GameStates</Filter>
    </ClCompile>
    <ClCompile Include="WinState.cpp">
      <Filter>Sources\GameStates</Filter>
    </ClCompile>
    <ClCompile Include="MenuState.cpp">
      <Filter>Sources\GameStates</Filter>
    </ClCompile>
    <ClCompile Include="SettingsState.cpp">
      <Filter>Sources\GameStates</Filter>
    </ClCompile>
    <ClCompile Include="GameState.cpp">
      <Filter>Sources\GameStates</Filter>
    </ClCompile>
  </ItemGroup>
  <ItemGroup>
    <ClInclude Include="GameSettings.h">
      <Filter>Sources</Filter>
    </ClInclude>
    <ClInclude Include="EvilPumpkin.h">
      <Filter>Sources\GameObjects</Filter>
    </ClInclude>
    <ClInclude Include="GameObject.h">
      <Filter>Sources\GameObjects</Filter>
    </ClInclude>
    <ClInclude Include="Player.h">
      <Filter>Sources\GameObjects</Filter>
    </ClInclude>
    <ClInclude Include="Pumpkin.h">
      <Filter>Sources\GameObjects</Filter>
    </ClInclude>
    <ClInclude Include="MovableGameObject.h">
      <Filter>Sources\GameObjects</Filter>
    </ClInclude>
    <ClInclude Include="Water.h">
      <Filter>Sources\GameObjects</Filter>
    </ClInclude>
    <ClInclude Include="State.h">
      <Filter>Sources\Enums</Filter>
    </ClInclude>
    <ClInclude Include="Direction.h">
      <Filter>Sources\Enums</Filter>
    </ClInclude>
    <ClInclude Include="WaterType.h">
      <Filter>Sources\Enums</Filter>
    </ClInclude>
    <ClInclude Include="CalculationCollisions.h">
      <Filter>Sources</Filter>
    </ClInclude>
    <ClInclude Include="BaseState.h">
      <Filter>Sources\GameStates</Filter>
    </ClInclude>
    <ClInclude Include="GameOverState.h">
      <Filter>Sources\GameStates</Filter>
    </ClInclude>
    <ClInclude Include="GameStateFactory.h">
      <Filter>Sources\GameStates</Filter>
    </ClInclude>
    <ClInclude Include="WinState.h">
      <Filter>Sources\GameStates</Filter>
    </ClInclude>
    <ClInclude Include="MenuState.h">
      <Filter>Sources\GameStates</Filter>
    </ClInclude>
    <ClInclude Include="SettingsState.h">
      <Filter>Sources\GameStates</Filter>
    </ClInclude>
    <ClInclude Include="GameState.h">
      <Filter>Sources\GameStates</Filter>
    </ClInclude>
  </ItemGroup>
</Project>